
Microsoft Visual Studio Solution File, Format Version 12.00
# Visual Studio 15
VisualStudioVersion = 15.0.27130.2036
MinimumVisualStudioVersion = 10.0.40219.1
Project("{8BC9CEB8-8B4A-11D0-8D11-00A0C91BC942}") = "Example", "Lab6\Lab6.vcxproj", "{ACB62A99-B780-481E-BE93-3FF60B70EACD}"
EndProject
Project("{8BC9CEB8-8B4A-11D0-8D11-00A0C91BC942}") = "Task", "Task\Task.vcxproj", "{39E8EAE5-1704-4A11-A7CC-55F69855A37A}"
EndProject
Project("{8BC9CEB8-8B4A-11D0-8D11-00A0C91BC942}") = "Task_with_check", "Task_with_check\Task_with_check.vcxproj", "{6DF91C60-165E-428D-8082-B8A4B4F3E9C3}"
EndProject
Global
	GlobalSection(SolutionConfigurationPlatforms) = preSolution
		Debug|x64 = Debug|x64
		Debug|x86 = Debug|x86
		Release|x64 = Release|x64
		Release|x86 = Release|x86
	EndGlobalSection
	GlobalSection(ProjectConfigurationPlatforms) = postSolution
		{ACB62A99-B780-481E-BE93-3FF60B70EACD}.Debug|x64.ActiveCfg = Debug|x64
		{ACB62A99-B780-481E-BE93-3FF60B70EACD}.Debug|x64.Build.0 = Debug|x64
		{ACB62A99-B780-481E-BE93-3FF60B70EACD}.Debug|x86.ActiveCfg = Debug|Win32
		{ACB62A99-B780-481E-BE93-3FF60B70EACD}.Debug|x86.Build.0 = Debug|Win32
		{ACB62A99-B780-481E-BE93-3FF60B70EACD}.Release|x64.ActiveCfg = Release|x64
		{ACB62A99-B780-481E-BE93-3FF60B70EACD}.Release|x64.Build.0 = Release|x64
		{ACB62A99-B780-481E-BE93-3FF60B70EACD}.Release|x86.ActiveCfg = Release|Win32
		{ACB62A99-B780-481E-BE93-3FF60B70EACD}.Release|x86.Build.0 = Release|Win32
		{39E8EAE5-1704-4A11-A7CC-55F69855A37A}.Debug|x64.ActiveCfg = Debug|x64
		{39E8EAE5-1704-4A11-A7CC-55F69855A37A}.Debug|x64.Build.0 = Debug|x64
		{39E8EAE5-1704-4A11-A7CC-55F69855A37A}.Debug|x86.ActiveCfg = Debug|Win32
		{39E8EAE5-1704-4A11-A7CC-55F69855A37A}.Debug|x86.Build.0 = Debug|Win32
		{39E8EAE5-1704-4A11-A7CC-55F69855A37A}.Release|x64.ActiveCfg = Release|x64
		{39E8EAE5-1704-4A11-A7CC-55F69855A37A}.Release|x64.Build.0 = Release|x64
		{39E8EAE5-1704-4A11-A7CC-55F69855A37A}.Release|x86.ActiveCfg = Release|Win32
		{39E8EAE5-1704-4A11-A7CC-55F69855A37A}.Release|x86.Build.0 = Release|Win32
		{6DF91C60-165E-428D-8082-B8A4B4F3E9C3}.Debug|x64.ActiveCfg = Debug|x64
		{6DF91C60-165E-428D-8082-B8A4B4F3E9C3}.Debug|x64.Build.0 = Debug|x64
		{6DF91C60-165E-428D-8082-B8A4B4F3E9C3}.Debug|x86.ActiveCfg = Debug|Win32
		{6DF91C60-165E-428D-8082-B8A4B4F3E9C3}.Debug|x86.Build.0 = Debug|Win32
		{6DF91C60-165E-428D-8082-B8A4B4F3E9C3}.Release|x64.ActiveCfg = Release|x64
		{6DF91C60-165E-428D-8082-B8A4B4F3E9C3}.Release|x64.Build.0 = Release|x64
		{6DF91C60-165E-428D-8082-B8A4B4F3E9C3}.Release|x86.ActiveCfg = Release|Win32
		{6DF91C60-165E-428D-8082-B8A4B4F3E9C3}.Release|x86.Build.0 = Release|Win32
	EndGlobalSection
	GlobalSection(SolutionProperties) = preSolution
		HideSolutionNode = FALSE
	EndGlobalSection
	GlobalSection(ExtensibilityGlobals) = postSolution
		SolutionGuid = {757DE374-E853-4691-A572-7282ADE90444}
	EndGlobalSection
EndGlobal
