
Microsoft Visual Studio Solution File, Format Version 12.00
# Visual Studio Version 16
VisualStudioVersion = 16.0.31019.35
MinimumVisualStudioVersion = 10.0.40219.1
Project("{8BC9CEB8-8B4A-11D0-8D11-00A0C91BC942}") = "Task", "Task\Task.vcxproj", "{5BF32CB6-2BB4-44F6-927F-CA2F9E563648}"
EndProject
Global
	GlobalSection(SolutionConfigurationPlatforms) = preSolution
		Debug|x64 = Debug|x64
		Debug|x86 = Debug|x86
		Release|x64 = Release|x64
		Release|x86 = Release|x86
	EndGlobalSection
	GlobalSection(ProjectConfigurationPlatforms) = postSolution
		{5BF32CB6-2BB4-44F6-927F-CA2F9E563648}.Debug|x64.ActiveCfg = Debug|x64
		{5BF32CB6-2BB4-44F6-927F-CA2F9E563648}.Debug|x64.Build.0 = Debug|x64
		{5BF32CB6-2BB4-44F6-927F-CA2F9E563648}.Debug|x86.ActiveCfg = Debug|Win32
		{5BF32CB6-2BB4-44F6-927F-CA2F9E563648}.Debug|x86.Build.0 = Debug|Win32
		{5BF32CB6-2BB4-44F6-927F-CA2F9E563648}.Release|x64.ActiveCfg = Release|x64
		{5BF32CB6-2BB4-44F6-927F-CA2F9E563648}.Release|x64.Build.0 = Release|x64
		{5BF32CB6-2BB4-44F6-927F-CA2F9E563648}.Release|x86.ActiveCfg = Release|Win32
		{5BF32CB6-2BB4-44F6-927F-CA2F9E563648}.Release|x86.Build.0 = Release|Win32
	EndGlobalSection
	GlobalSection(SolutionProperties) = preSolution
		HideSolutionNode = FALSE
	EndGlobalSection
	GlobalSection(ExtensibilityGlobals) = postSolution
		SolutionGuid = {6550A35A-A5A3-4C45-A1AD-96A88AF56D49}
	EndGlobalSection
EndGlobal
